
Microsoft Visual Studio Solution File, Format Version 12.00
# Visual Studio Version 17
VisualStudioVersion = 17.13.35931.197 d17.13
MinimumVisualStudioVersion = 10.0.40219.1
Project("{FAE04EC0-301F-11D3-BF4B-00C04F79EFBC}") = "MLZ2025App", "..\MLZ2025App\MLZ2025App.csproj", "{3FBB0A8E-F786-40FD-95E9-17112135535B}"
EndProject
Global
	GlobalSection(SolutionConfigurationPlatforms) = preSolution
		Debug|Any CPU = Debug|Any CPU
		Release|Any CPU = Release|Any CPU
	EndGlobalSection
	GlobalSection(ProjectConfigurationPlatforms) = postSolution
		{3FBB0A8E-F786-40FD-95E9-17112135535B}.Debug|Any CPU.ActiveCfg = Debug|Any CPU
		{3FBB0A8E-F786-40FD-95E9-17112135535B}.Debug|Any CPU.Build.0 = Debug|Any CPU
		{3FBB0A8E-F786-40FD-95E9-17112135535B}.Release|Any CPU.ActiveCfg = Release|Any CPU
		{3FBB0A8E-F786-40FD-95E9-17112135535B}.Release|Any CPU.Build.0 = Release|Any CPU
	EndGlobalSection
	GlobalSection(SolutionProperties) = preSolution
		HideSolutionNode = FALSE
	EndGlobalSection
	GlobalSection(ExtensibilityGlobals) = postSolution
		SolutionGuid = {C6BC9998-CF1E-47E6-9AC1-0F8C6705CB28}
	EndGlobalSection
EndGlobal
